
Microsoft Visual Studio Solution File, Format Version 12.00
# Visual Studio 15
VisualStudioVersion = 15.0.26124.0
MinimumVisualStudioVersion = 15.0.26124.0
Project("{FAE04EC0-301F-11D3-BF4B-00C04F79EFBC}") = "blct.webapi", "blct.webapi\blct.webapi.csproj", "{04C22755-A133-4488-A87A-774C9F9700A9}"
EndProject
Project("{FAE04EC0-301F-11D3-BF4B-00C04F79EFBC}") = "blct.interfaces", "blct.interfaces\blct.interfaces.csproj", "{23D55932-D48D-4790-A470-3A4912EA7455}"
EndProject
Project("{FAE04EC0-301F-11D3-BF4B-00C04F79EFBC}") = "blct.concretes", "blct.concretes\blct.concretes.csproj", "{252AF557-48F5-4E80-9E2C-D4493F0DA4E2}"
EndProject
Project("{FAE04EC0-301F-11D3-BF4B-00C04F79EFBC}") = "blct.tests", "blct.tests\blct.tests.csproj", "{7E74A214-F268-4FE8-8DB1-90AC1C58DFBD}"
EndProject
Global
	GlobalSection(SolutionConfigurationPlatforms) = preSolution
		Debug|Any CPU = Debug|Any CPU
		Debug|x64 = Debug|x64
		Debug|x86 = Debug|x86
		Release|Any CPU = Release|Any CPU
		Release|x64 = Release|x64
		Release|x86 = Release|x86
	EndGlobalSection
	GlobalSection(SolutionProperties) = preSolution
		HideSolutionNode = FALSE
	EndGlobalSection
	GlobalSection(ProjectConfigurationPlatforms) = postSolution
		{04C22755-A133-4488-A87A-774C9F9700A9}.Debug|Any CPU.ActiveCfg = Debug|Any CPU
		{04C22755-A133-4488-A87A-774C9F9700A9}.Debug|Any CPU.Build.0 = Debug|Any CPU
		{04C22755-A133-4488-A87A-774C9F9700A9}.Debug|x64.ActiveCfg = Debug|Any CPU
		{04C22755-A133-4488-A87A-774C9F9700A9}.Debug|x64.Build.0 = Debug|Any CPU
		{04C22755-A133-4488-A87A-774C9F9700A9}.Debug|x86.ActiveCfg = Debug|Any CPU
		{04C22755-A133-4488-A87A-774C9F9700A9}.Debug|x86.Build.0 = Debug|Any CPU
		{04C22755-A133-4488-A87A-774C9F9700A9}.Release|Any CPU.ActiveCfg = Release|Any CPU
		{04C22755-A133-4488-A87A-774C9F9700A9}.Release|Any CPU.Build.0 = Release|Any CPU
		{04C22755-A133-4488-A87A-774C9F9700A9}.Release|x64.ActiveCfg = Release|Any CPU
		{04C22755-A133-4488-A87A-774C9F9700A9}.Release|x64.Build.0 = Release|Any CPU
		{04C22755-A133-4488-A87A-774C9F9700A9}.Release|x86.ActiveCfg = Release|Any CPU
		{04C22755-A133-4488-A87A-774C9F9700A9}.Release|x86.Build.0 = Release|Any CPU
		{23D55932-D48D-4790-A470-3A4912EA7455}.Debug|Any CPU.ActiveCfg = Debug|Any CPU
		{23D55932-D48D-4790-A470-3A4912EA7455}.Debug|Any CPU.Build.0 = Debug|Any CPU
		{23D55932-D48D-4790-A470-3A4912EA7455}.Debug|x64.ActiveCfg = Debug|Any CPU
		{23D55932-D48D-4790-A470-3A4912EA7455}.Debug|x64.Build.0 = Debug|Any CPU
		{23D55932-D48D-4790-A470-3A4912EA7455}.Debug|x86.ActiveCfg = Debug|Any CPU
		{23D55932-D48D-4790-A470-3A4912EA7455}.Debug|x86.Build.0 = Debug|Any CPU
		{23D55932-D48D-4790-A470-3A4912EA7455}.Release|Any CPU.ActiveCfg = Release|Any CPU
		{23D55932-D48D-4790-A470-3A4912EA7455}.Release|Any CPU.Build.0 = Release|Any CPU
		{23D55932-D48D-4790-A470-3A4912EA7455}.Release|x64.ActiveCfg = Release|Any CPU
		{23D55932-D48D-4790-A470-3A4912EA7455}.Release|x64.Build.0 = Release|Any CPU
		{23D55932-D48D-4790-A470-3A4912EA7455}.Release|x86.ActiveCfg = Release|Any CPU
		{23D55932-D48D-4790-A470-3A4912EA7455}.Release|x86.Build.0 = Release|Any CPU
		{252AF557-48F5-4E80-9E2C-D4493F0DA4E2}.Debug|Any CPU.ActiveCfg = Debug|Any CPU
		{252AF557-48F5-4E80-9E2C-D4493F0DA4E2}.Debug|Any CPU.Build.0 = Debug|Any CPU
		{252AF557-48F5-4E80-9E2C-D4493F0DA4E2}.Debug|x64.ActiveCfg = Debug|Any CPU
		{252AF557-48F5-4E80-9E2C-D4493F0DA4E2}.Debug|x64.Build.0 = Debug|Any CPU
		{252AF557-48F5-4E80-9E2C-D4493F0DA4E2}.Debug|x86.ActiveCfg = Debug|Any CPU
		{252AF557-48F5-4E80-9E2C-D4493F0DA4E2}.Debug|x86.Build.0 = Debug|Any CPU
		{252AF557-48F5-4E80-9E2C-D4493F0DA4E2}.Release|Any CPU.ActiveCfg = Release|Any CPU
		{252AF557-48F5-4E80-9E2C-D4493F0DA4E2}.Release|Any CPU.Build.0 = Release|Any CPU
		{252AF557-48F5-4E80-9E2C-D4493F0DA4E2}.Release|x64.ActiveCfg = Release|Any CPU
		{252AF557-48F5-4E80-9E2C-D4493F0DA4E2}.Release|x64.Build.0 = Release|Any CPU
		{252AF557-48F5-4E80-9E2C-D4493F0DA4E2}.Release|x86.ActiveCfg = Release|Any CPU
		{252AF557-48F5-4E80-9E2C-D4493F0DA4E2}.Release|x86.Build.0 = Release|Any CPU
		{7E74A214-F268-4FE8-8DB1-90AC1C58DFBD}.Debug|Any CPU.ActiveCfg = Debug|Any CPU
		{7E74A214-F268-4FE8-8DB1-90AC1C58DFBD}.Debug|Any CPU.Build.0 = Debug|Any CPU
		{7E74A214-F268-4FE8-8DB1-90AC1C58DFBD}.Debug|x64.ActiveCfg = Debug|Any CPU
		{7E74A214-F268-4FE8-8DB1-90AC1C58DFBD}.Debug|x64.Build.0 = Debug|Any CPU
		{7E74A214-F268-4FE8-8DB1-90AC1C58DFBD}.Debug|x86.ActiveCfg = Debug|Any CPU
		{7E74A214-F268-4FE8-8DB1-90AC1C58DFBD}.Debug|x86.Build.0 = Debug|Any CPU
		{7E74A214-F268-4FE8-8DB1-90AC1C58DFBD}.Release|Any CPU.ActiveCfg = Release|Any CPU
		{7E74A214-F268-4FE8-8DB1-90AC1C58DFBD}.Release|Any CPU.Build.0 = Release|Any CPU
		{7E74A214-F268-4FE8-8DB1-90AC1C58DFBD}.Release|x64.ActiveCfg = Release|Any CPU
		{7E74A214-F268-4FE8-8DB1-90AC1C58DFBD}.Release|x64.Build.0 = Release|Any CPU
		{7E74A214-F268-4FE8-8DB1-90AC1C58DFBD}.Release|x86.ActiveCfg = Release|Any CPU
		{7E74A214-F268-4FE8-8DB1-90AC1C58DFBD}.Release|x86.Build.0 = Release|Any CPU
	EndGlobalSection
EndGlobal
